{
  "version": 4,
  "terraform_version": "1.3.5",
  "serial": 1,
  "lineage": "f8c9838c-4409-46e8-dc75-a856edc16f69",
  "outputs": {},
  "resources": [
    {
      "mode": "managed",
      "type": "local_file",
      "name": "cat_res",
      "provider": "provider[\"registry.terraform.io/hashicorp/local\"]",
      "instances": [
        {
          "schema_version": 0,
          "attributes": {
            "content": null,
            "content_base64": null,
            "directory_permission": "0777",
            "file_permission": "0777",
            "filename": "cat.txt",
            "id": "afbae4ab39cec8a40faed064ca0dad492aa7170e",
            "sensitive_content": "I love cats from terraform",
            "source": null
          },
          "sensitive_attributes": [],
          "private": "bnVsbA=="
        }
      ]
    },
    {
      "mode": "managed",
      "type": "local_file",
      "name": "dog_res",
      "provider": "provider[\"registry.terraform.io/hashicorp/local\"]",
      "instances": [
        {
          "schema_version": 0,
          "attributes": {
            "content": null,
            "content_base64": null,
            "directory_permission": "0777",
            "file_permission": "0777",
            "filename": "cat.txt",
            "id": "e2e6d3de6c61f79b3baac6b6d505ce1760ded725",
            "sensitive_content": "I love dogs from terraform",
            "source": null
          },
          "sensitive_attributes": [],
          "private": "bnVsbA=="
        }
      ]
    }
  ],
  "check_results": null
}
