{
  "version": 4,
  "terraform_version": "1.3.5",
  "serial": 11,
  "lineage": "67f4ab58-e9fc-687a-dfda-307ee27148f9",
  "outputs": {
    "name": {
      "value": "Y1K[A1EYM697+oW",
      "type": "string"
    },
    "name1": {
      "value": 257,
      "type": "number"
    }
  },
  "resources": [
    {
      "mode": "managed",
      "type": "random_integer",
      "name": "rint",
      "provider": "provider[\"registry.terraform.io/hashicorp/random\"]",
      "instances": [
        {
          "schema_version": 0,
          "attributes": {
            "id": "257",
            "keepers": null,
            "max": 300,
            "min": 100,
            "result": 257,
            "seed": null
          },
          "sensitive_attributes": []
        }
      ]
    },
    {
      "mode": "managed",
      "type": "random_string",
      "name": "rsting",
      "provider": "provider[\"registry.terraform.io/hashicorp/random\"]",
      "instances": [
        {
          "schema_version": 2,
          "attributes": {
            "id": "Y1K[A1EYM697+oW",
            "keepers": null,
            "length": 15,
            "lower": true,
            "min_lower": 0,
            "min_numeric": 0,
            "min_special": 0,
            "min_upper": 0,
            "number": true,
            "numeric": true,
            "override_special": null,
            "result": "Y1K[A1EYM697+oW",
            "special": true,
            "upper": true
          },
          "sensitive_attributes": []
        }
      ]
    }
  ],
  "check_results": null
}
